
Microsoft Visual Studio Solution File, Format Version 12.00
# Visual Studio 15
VisualStudioVersion = 15.0.28307.779
MinimumVisualStudioVersion = 10.0.40219.1
Project("{FAE04EC0-301F-11D3-BF4B-00C04F79EFBC}") = "DBFirst", "DBFirst\DBFirst.csproj", "{FE4CA1D5-7717-4F2D-A850-3A2BACA7D035}"
EndProject
Global
	GlobalSection(SolutionConfigurationPlatforms) = preSolution
		Debug|Any CPU = Debug|Any CPU
		Release|Any CPU = Release|Any CPU
	EndGlobalSection
	GlobalSection(ProjectConfigurationPlatforms) = postSolution
		{FE4CA1D5-7717-4F2D-A850-3A2BACA7D035}.Debug|Any CPU.ActiveCfg = Debug|Any CPU
		{FE4CA1D5-7717-4F2D-A850-3A2BACA7D035}.Debug|Any CPU.Build.0 = Debug|Any CPU
		{FE4CA1D5-7717-4F2D-A850-3A2BACA7D035}.Release|Any CPU.ActiveCfg = Release|Any CPU
		{FE4CA1D5-7717-4F2D-A850-3A2BACA7D035}.Release|Any CPU.Build.0 = Release|Any CPU
	EndGlobalSection
	GlobalSection(SolutionProperties) = preSolution
		HideSolutionNode = FALSE
	EndGlobalSection
	GlobalSection(ExtensibilityGlobals) = postSolution
		SolutionGuid = {95DD25D5-AF12-420C-B56B-A145C8DB1D63}
	EndGlobalSection
EndGlobal
